
Microsoft Visual Studio Solution File, Format Version 12.00
# Visual Studio 15
VisualStudioVersion = 15.0.26730.15
MinimumVisualStudioVersion = 10.0.40219.1
Project("{FAE04EC0-301F-11D3-BF4B-00C04F79EFBC}") = "Cryptopals-1-1", "Cryptopals-1-1\Cryptopals-1-1.csproj", "{8C1E5DD9-94AD-4160-9D3B-9D7843F37BD0}"
EndProject
Project("{FAE04EC0-301F-11D3-BF4B-00C04F79EFBC}") = "Cryptopals-1-2", "Cryptopals-1-2\Cryptopals-1-2.csproj", "{5D6BB198-293C-43F3-B40E-19DB9BB2704D}"
EndProject
Project("{FAE04EC0-301F-11D3-BF4B-00C04F79EFBC}") = "CryptopalsShared", "CryptopalsShared\CryptopalsShared.csproj", "{15626FBF-F5F9-492D-8E55-8FD446BE871B}"
EndProject
Project("{FAE04EC0-301F-11D3-BF4B-00C04F79EFBC}") = "Cryptopals-1-3", "Cryptopals-1-3\Cryptopals-1-3.csproj", "{CB0C2F87-3869-47C3-9275-9DC3BB6F1ED7}"
EndProject
Project("{FAE04EC0-301F-11D3-BF4B-00C04F79EFBC}") = "Cryptopals-1-4", "Cryptopals-1-4\Cryptopals-1-4.csproj", "{2EA14200-F6D2-4594-8DDA-F8DB2CD45318}"
EndProject
Project("{FAE04EC0-301F-11D3-BF4B-00C04F79EFBC}") = "Cryptopals-1-5", "Cryptopals-1-5\Cryptopals-1-5.csproj", "{694C2634-A74A-4679-9916-E7718C075ACD}"
EndProject
Project("{FAE04EC0-301F-11D3-BF4B-00C04F79EFBC}") = "Cryptopals-1-6", "Cryptopals-1-6\Cryptopals-1-6.csproj", "{E0E3689F-9556-4734-BBB8-F6732D87559E}"
EndProject
Global
	GlobalSection(SolutionConfigurationPlatforms) = preSolution
		Debug|Any CPU = Debug|Any CPU
		Release|Any CPU = Release|Any CPU
	EndGlobalSection
	GlobalSection(ProjectConfigurationPlatforms) = postSolution
		{8C1E5DD9-94AD-4160-9D3B-9D7843F37BD0}.Debug|Any CPU.ActiveCfg = Debug|Any CPU
		{8C1E5DD9-94AD-4160-9D3B-9D7843F37BD0}.Debug|Any CPU.Build.0 = Debug|Any CPU
		{8C1E5DD9-94AD-4160-9D3B-9D7843F37BD0}.Release|Any CPU.ActiveCfg = Release|Any CPU
		{8C1E5DD9-94AD-4160-9D3B-9D7843F37BD0}.Release|Any CPU.Build.0 = Release|Any CPU
		{5D6BB198-293C-43F3-B40E-19DB9BB2704D}.Debug|Any CPU.ActiveCfg = Debug|Any CPU
		{5D6BB198-293C-43F3-B40E-19DB9BB2704D}.Debug|Any CPU.Build.0 = Debug|Any CPU
		{5D6BB198-293C-43F3-B40E-19DB9BB2704D}.Release|Any CPU.ActiveCfg = Release|Any CPU
		{5D6BB198-293C-43F3-B40E-19DB9BB2704D}.Release|Any CPU.Build.0 = Release|Any CPU
		{15626FBF-F5F9-492D-8E55-8FD446BE871B}.Debug|Any CPU.ActiveCfg = Debug|Any CPU
		{15626FBF-F5F9-492D-8E55-8FD446BE871B}.Debug|Any CPU.Build.0 = Debug|Any CPU
		{15626FBF-F5F9-492D-8E55-8FD446BE871B}.Release|Any CPU.ActiveCfg = Release|Any CPU
		{15626FBF-F5F9-492D-8E55-8FD446BE871B}.Release|Any CPU.Build.0 = Release|Any CPU
		{CB0C2F87-3869-47C3-9275-9DC3BB6F1ED7}.Debug|Any CPU.ActiveCfg = Debug|Any CPU
		{CB0C2F87-3869-47C3-9275-9DC3BB6F1ED7}.Debug|Any CPU.Build.0 = Debug|Any CPU
		{CB0C2F87-3869-47C3-9275-9DC3BB6F1ED7}.Release|Any CPU.ActiveCfg = Release|Any CPU
		{CB0C2F87-3869-47C3-9275-9DC3BB6F1ED7}.Release|Any CPU.Build.0 = Release|Any CPU
		{2EA14200-F6D2-4594-8DDA-F8DB2CD45318}.Debug|Any CPU.ActiveCfg = Debug|Any CPU
		{2EA14200-F6D2-4594-8DDA-F8DB2CD45318}.Debug|Any CPU.Build.0 = Debug|Any CPU
		{2EA14200-F6D2-4594-8DDA-F8DB2CD45318}.Release|Any CPU.ActiveCfg = Release|Any CPU
		{2EA14200-F6D2-4594-8DDA-F8DB2CD45318}.Release|Any CPU.Build.0 = Release|Any CPU
		{694C2634-A74A-4679-9916-E7718C075ACD}.Debug|Any CPU.ActiveCfg = Debug|Any CPU
		{694C2634-A74A-4679-9916-E7718C075ACD}.Debug|Any CPU.Build.0 = Debug|Any CPU
		{694C2634-A74A-4679-9916-E7718C075ACD}.Release|Any CPU.ActiveCfg = Release|Any CPU
		{694C2634-A74A-4679-9916-E7718C075ACD}.Release|Any CPU.Build.0 = Release|Any CPU
		{E0E3689F-9556-4734-BBB8-F6732D87559E}.Debug|Any CPU.ActiveCfg = Debug|Any CPU
		{E0E3689F-9556-4734-BBB8-F6732D87559E}.Debug|Any CPU.Build.0 = Debug|Any CPU
		{E0E3689F-9556-4734-BBB8-F6732D87559E}.Release|Any CPU.ActiveCfg = Release|Any CPU
		{E0E3689F-9556-4734-BBB8-F6732D87559E}.Release|Any CPU.Build.0 = Release|Any CPU
	EndGlobalSection
	GlobalSection(SolutionProperties) = preSolution
		HideSolutionNode = FALSE
	EndGlobalSection
	GlobalSection(ExtensibilityGlobals) = postSolution
		SolutionGuid = {C8DF32C4-25E5-4CAF-A3FC-E4EDB3404295}
	EndGlobalSection
EndGlobal
